
Microsoft Visual Studio Solution File, Format Version 12.00
# Visual Studio Version 16
VisualStudioVersion = 16.0.31129.286
MinimumVisualStudioVersion = 10.0.40219.1
Project("{FAE04EC0-301F-11D3-BF4B-00C04F79EFBC}") = "NQueensBacktracking", "NQueensBacktracking\NQueensBacktracking.csproj", "{AA7A9F40-6C24-4E62-860A-95055FD9FA28}"
EndProject
Global
	GlobalSection(SolutionConfigurationPlatforms) = preSolution
		Debug|Any CPU = Debug|Any CPU
		Release|Any CPU = Release|Any CPU
	EndGlobalSection
	GlobalSection(ProjectConfigurationPlatforms) = postSolution
		{AA7A9F40-6C24-4E62-860A-95055FD9FA28}.Debug|Any CPU.ActiveCfg = Debug|Any CPU
		{AA7A9F40-6C24-4E62-860A-95055FD9FA28}.Debug|Any CPU.Build.0 = Debug|Any CPU
		{AA7A9F40-6C24-4E62-860A-95055FD9FA28}.Release|Any CPU.ActiveCfg = Release|Any CPU
		{AA7A9F40-6C24-4E62-860A-95055FD9FA28}.Release|Any CPU.Build.0 = Release|Any CPU
	EndGlobalSection
	GlobalSection(SolutionProperties) = preSolution
		HideSolutionNode = FALSE
	EndGlobalSection
	GlobalSection(ExtensibilityGlobals) = postSolution
		SolutionGuid = {D33DFF50-2177-4ADD-8A68-674448FA96BA}
	EndGlobalSection
EndGlobal
